version = 1
revision = 1
requires-python = ">=3.13"

[[package]]
name = "colorama"
version = "0.4.6"
source = { registry = "https://pypi.org/simple" }
sdist = { url = "https://files.pythonhosted.org/packages/d8/53/6f443c9a4a8358a93a6792e2acffb9d9d5cb0a5cfd8802644b7b1c9a02e4/colorama-0.4.6.tar.gz", hash = "sha256:08695f5cb7ed6e0531a20572697297273c47b8cae5a63ffc6d6ed5c201be6e44", size = 27697 }
wheels = [
    { url = "https://files.pythonhosted.org/packages/d1/d6/3965ed04c63042e047cb6a3e6ed1a63a35087b6a609aa3a15ed8ac56c221/colorama-0.4.6-py2.py3-none-any.whl", hash = "sha256:4f1d9991f5acc0ca119f9d443620b77f9d6b33703e51011c16baf57afb285fc6", size = 25335 },
]

[[package]]
name = "db-models"
version = "0.1.0"
source = { editable = "." }
dependencies = [
    { name = "sqlalchemy" },
]

[package.dev-dependencies]
dev = [
    { name = "db-models" },
    { name = "psycopg", extra = ["binary"] },
    { name = "pytest" },
    { name = "python-dotenv" },
]

[package.metadata]
requires-dist = [{ name = "sqlalchemy", specifier = ">=2.0.44" }]

[package.metadata.requires-dev]
dev = [
    { name = "db-models", editable = "." },
    { name = "psycopg", extras = ["binary"], specifier = ">=3.2.12" },
    { name = "pytest", specifier = ">=8.4.2" },
    { name = "python-dotenv", specifier = ">=1.2.1" },
]

[[package]]
name = "greenlet"
version = "3.2.4"
source = { registry = "https://pypi.org/simple" }
sdist = { url = "https://files.pythonhosted.org/packages/03/b8/704d753a5a45507a7aab61f18db9509302ed3d0a27ac7e0359ec2905b1a6/greenlet-3.2.4.tar.gz", hash = "sha256:0dca0d95ff849f9a364385f36ab49f50065d76964944638be9691e1832e9f86d", size = 188260 }
wheels = [
    { url = "https://files.pythonhosted.org/packages/49/e8/58c7f85958bda41dafea50497cbd59738c5c43dbbea5ee83d651234398f4/greenlet-3.2.4-cp313-cp313-macosx_11_0_universal2.whl", hash = "sha256:1a921e542453fe531144e91e1feedf12e07351b1cf6c9e8a3325ea600a715a31", size = 272814 },
    { url = "https://files.pythonhosted.org/packages/62/dd/b9f59862e9e257a16e4e610480cfffd29e3fae018a68c2332090b53aac3d/greenlet-3.2.4-cp313-cp313-manylinux2014_aarch64.manylinux_2_17_aarch64.whl", hash = "sha256:cd3c8e693bff0fff6ba55f140bf390fa92c994083f838fece0f63be121334945", size = 641073 },
    { url = "https://files.pythonhosted.org/packages/f7/0b/bc13f787394920b23073ca3b6c4a7a21396301ed75a655bcb47196b50e6e/greenlet-3.2.4-cp313-cp313-manylinux2014_ppc64le.manylinux_2_17_ppc64le.whl", hash = "sha256:710638eb93b1fa52823aa91bf75326f9ecdfd5e0466f00789246a5280f4ba0fc", size = 655191 },
    { url = "https://files.pythonhosted.org/packages/f2/d6/6adde57d1345a8d0f14d31e4ab9c23cfe8e2cd39c3baf7674b4b0338d266/greenlet-3.2.4-cp313-cp313-manylinux2014_s390x.manylinux_2_17_s390x.whl", hash = "sha256:c5111ccdc9c88f423426df3fd1811bfc40ed66264d35aa373420a34377efc98a", size = 649516 },
    { url = "https://files.pythonhosted.org/packages/7f/3b/3a3328a788d4a473889a2d403199932be55b1b0060f4ddd96ee7cdfcad10/greenlet-3.2.4-cp313-cp313-manylinux2014_x86_64.manylinux_2_17_x86_64.whl", hash = "sha256:d76383238584e9711e20ebe14db6c88ddcedc1829a9ad31a584389463b5aa504", size = 652169 },
    { url = "https://files.pythonhosted.org/packages/ee/43/3cecdc0349359e1a527cbf2e3e28e5f8f06d3343aaf82ca13437a9aa290f/greenlet-3.2.4-cp313-cp313-manylinux_2_24_x86_64.manylinux_2_28_x86_64.whl", hash = "sha256:23768528f2911bcd7e475210822ffb5254ed10d71f4028387e5a99b4c6699671", size = 610497 },
    { url = "https://files.pythonhosted.org/packages/b8/19/06b6cf5d604e2c382a6f31cafafd6f33d5dea706f4db7bdab184bad2b21d/greenlet-3.2.4-cp313-cp313-musllinux_1_1_aarch64.whl", hash = "sha256:00fadb3fedccc447f517ee0d3fd8fe49eae949e1cd0f6a611818f4f6fb7dc83b", size = 1121662 },
    { url = "https://files.pythonhosted.org/packages/a2/15/0d5e4e1a66fab130d98168fe984c509249c833c1a3c16806b90f253ce7b9/greenlet-3.2.4-cp313-cp313-musllinux_1_1_x86_64.whl", hash = "sha256:d25c5091190f2dc0eaa3f950252122edbbadbb682aa7b1ef2f8af0f8c0afefae", size = 1149210 },
    { url = "https://files.pythonhosted.org/packages/1c/53/f9c440463b3057485b8594d7a638bed53ba531165ef0ca0e6c364b5cc807/greenlet-3.2.4-cp313-cp313-musllinux_1_2_aarch64.whl", hash = "sha256:6e343822feb58ac4d0a1211bd9399de2b3a04963ddeec21530fc426cc121f19b", size = 1564759 },
    { url = "https://files.pythonhosted.org/packages/47/e4/3bb4240abdd0a8d23f4f88adec746a3099f0d86bfedb623f063b2e3b4df0/greenlet-3.2.4-cp313-cp313-musllinux_1_2_x86_64.whl", hash = "sha256:ca7f6f1f2649b89ce02f6f229d7c19f680a6238af656f61e0115b24857917929", size = 1634288 },
    { url = "https://files.pythonhosted.org/packages/0b/55/2321e43595e6801e105fcfdee02b34c0f996eb71e6ddffca6b10b7e1d771/greenlet-3.2.4-cp313-cp313-win_amd64.whl", hash = "sha256:554b03b6e73aaabec3745364d6239e9e012d64c68ccd0b8430c64ccc14939a8b", size = 299685 },
    { url = "https://files.pythonhosted.org/packages/22/5c/85273fd7cc388285632b0498dbbab97596e04b154933dfe0f3e68156c68c/greenlet-3.2.4-cp314-cp314-macosx_11_0_universal2.whl", hash = "sha256:49a30d5fda2507ae77be16479bdb62a660fa51b1eb4928b524975b3bde77b3c0", size = 273586 },
    { url = "https://files.pythonhosted.org/packages/d1/75/10aeeaa3da9332c2e761e4c50d4c3556c21113ee3f0afa2cf5769946f7a3/greenlet-3.2.4-cp314-cp314-manylinux2014_aarch64.manylinux_2_17_aarch64.whl", hash = "sha256:299fd615cd8fc86267b47597123e3f43ad79c9d8a22bebdce535e53550763e2f", size = 686346 },
    { url = "https://files.pythonhosted.org/packages/c0/aa/687d6b12ffb505a4447567d1f3abea23bd20e73a5bed63871178e0831b7a/greenlet-3.2.4-cp314-cp314-manylinux2014_ppc64le.manylinux_2_17_ppc64le.whl", hash = "sha256:c17b6b34111ea72fc5a4e4beec9711d2226285f0386ea83477cbb97c30a3f3a5", size = 699218 },
    { url = "https://files.pythonhosted.org/packages/dc/8b/29aae55436521f1d6f8ff4e12fb676f3400de7fcf27fccd1d4d17fd8fecd/greenlet-3.2.4-cp314-cp314-manylinux2014_s390x.manylinux_2_17_s390x.whl", hash = "sha256:b4a1870c51720687af7fa3e7cda6d08d801dae660f75a76f3845b642b4da6ee1", size = 694659 },
    { url = "https://files.pythonhosted.org/packages/92/2e/ea25914b1ebfde93b6fc4ff46d6864564fba59024e928bdc7de475affc25/greenlet-3.2.4-cp314-cp314-manylinux2014_x86_64.manylinux_2_17_x86_64.whl", hash = "sha256:061dc4cf2c34852b052a8620d40f36324554bc192be474b9e9770e8c042fd735", size = 695355 },
    { url = "https://files.pythonhosted.org/packages/72/60/fc56c62046ec17f6b0d3060564562c64c862948c9d4bc8aa807cf5bd74f4/greenlet-3.2.4-cp314-cp314-manylinux_2_24_x86_64.manylinux_2_28_x86_64.whl", hash = "sha256:44358b9bf66c8576a9f57a590d5f5d6e72fa4228b763d0e43fee6d3b06d3a337", size = 657512 },
    { url = "https://files.pythonhosted.org/packages/23/6e/74407aed965a4ab6ddd93a7ded3180b730d281c77b765788419484cdfeef/greenlet-3.2.4-cp314-cp314-musllinux_1_2_aarch64.whl", hash = "sha256:2917bdf657f5859fbf3386b12d68ede4cf1f04c90c3a6bc1f013dd68a22e2269", size = 1612508 },
    { url = "https://files.pythonhosted.org/packages/0d/da/343cd760ab2f92bac1845ca07ee3faea9fe52bee65f7bcb19f16ad7de08b/greenlet-3.2.4-cp314-cp314-musllinux_1_2_x86_64.whl", hash = "sha256:015d48959d4add5d6c9f6c5210ee3803a830dce46356e3bc326d6776bde54681", size = 1680760 },
    { url = "https://files.pythonhosted.org/packages/e3/a5/6ddab2b4c112be95601c13428db1d8b6608a8b6039816f2ba09c346c08fc/greenlet-3.2.4-cp314-cp314-win_amd64.whl", hash = "sha256:e37ab26028f12dbb0ff65f29a8d3d44a765c61e729647bf2ddfbbed621726f01", size = 303425 },
]

[[package]]
name = "iniconfig"
version = "2.3.0"
source = { registry = "https://pypi.org/simple" }
sdist = { url = "https://files.pythonhosted.org/packages/72/34/14ca021ce8e5dfedc35312d08ba8bf51fdd999c576889fc2c24cb97f4f10/iniconfig-2.3.0.tar.gz", hash = "sha256:c76315c77db068650d49c5b56314774a7804df16fee4402c1f19d6d15d8c4730", size = 20503 }
wheels = [
    { url = "https://files.pythonhosted.org/packages/cb/b1/3846dd7f199d53cb17f49cba7e651e9ce294d8497c8c150530ed11865bb8/iniconfig-2.3.0-py3-none-any.whl", hash = "sha256:f631c04d2c48c52b84d0d0549c99ff3859c98df65b3101406327ecc7d53fbf12", size = 7484 },
]

[[package]]
name = "packaging"
version = "25.0"
source = { registry = "https://pypi.org/simple" }
sdist = { url = "https://files.pythonhosted.org/packages/a1/d4/1fc4078c65507b51b96ca8f8c3ba19e6a61c8253c72794544580a7b6c24d/packaging-25.0.tar.gz", hash = "sha256:d443872c98d677bf60f6a1f2f8c1cb748e8fe762d2bf9d3148b5599295b0fc4f", size = 165727 }
wheels = [
    { url = "https://files.pythonhosted.org/packages/20/12/38679034af332785aac8774540895e234f4d07f7545804097de4b666afd8/packaging-25.0-py3-none-any.whl", hash = "sha256:29572ef2b1f17581046b3a2227d5c611fb25ec70ca1ba8554b24b0e69331a484", size = 66469 },
]

[[package]]
name = "pluggy"
version = "1.6.0"
source = { registry = "https://pypi.org/simple" }
sdist = { url = "https://files.pythonhosted.org/packages/f9/e2/3e91f31a7d2b083fe6ef3fa267035b518369d9511ffab804f839851d2779/pluggy-1.6.0.tar.gz", hash = "sha256:7dcc130b76258d33b90f61b658791dede3486c3e6bfb003ee5c9bfb396dd22f3", size = 69412 }
wheels = [
    { url = "https://files.pythonhosted.org/packages/54/20/4d324d65cc6d9205fabedc306948156824eb9f0ee1633355a8f7ec5c66bf/pluggy-1.6.0-py3-none-any.whl", hash = "sha256:e920276dd6813095e9377c0bc5566d94c932c33b27a3e3945d8389c374dd4746", size = 20538 },
]

[[package]]
name = "psycopg"
version = "3.2.12"
source = { registry = "https://pypi.org/simple" }
dependencies = [
    { name = "tzdata", marker = "sys_platform == 'win32'" },
]
sdist = { url = "https://files.pythonhosted.org/packages/a8/77/c72d10262b872617e509a0c60445afcc4ce2cd5cd6bc1c97700246d69c85/psycopg-3.2.12.tar.gz", hash = "sha256:85c08d6f6e2a897b16280e0ff6406bef29b1327c045db06d21f364d7cd5da90b", size = 160642 }
wheels = [
    { url = "https://files.pythonhosted.org/packages/c8/28/8c4f90e415411dc9c78d6ba10b549baa324659907c13f64bfe3779d4066c/psycopg-3.2.12-py3-none-any.whl", hash = "sha256:8a1611a2d4c16ae37eada46438be9029a35bb959bb50b3d0e1e93c0f3d54c9ee", size = 206765 },
]

[package.optional-dependencies]
binary = [
    { name = "psycopg-binary", marker = "implementation_name != 'pypy'" },
]

[[package]]
name = "psycopg-binary"
version = "3.2.12"
source = { registry = "https://pypi.org/simple" }
wheels = [
    { url = "https://files.pythonhosted.org/packages/b2/0b/9d480aba4a4864832c29e6fc94ddd34d9927c276448eb3b56ffe24ed064c/psycopg_binary-3.2.12-cp313-cp313-macosx_10_13_x86_64.whl", hash = "sha256:442f20153415f374ae5753ca618637611a41a3c58c56d16ce55f845d76a3cf7b", size = 4017829 },
    { url = "https://files.pythonhosted.org/packages/a4/f3/0d294b30349bde24a46741a1f27a10e8ab81e9f4118d27c2fe592acfb42a/psycopg_binary-3.2.12-cp313-cp313-macosx_11_0_arm64.whl", hash = "sha256:79de3cc5adbf51677009a8fda35ac9e9e3686d5595ab4b0c43ec7099ece6aeb5", size = 4089835 },
    { url = "https://files.pythonhosted.org/packages/82/d4/ff82e318e5a55d6951b278d3af7b4c7c1b19344e3a3722b6613f156a38ea/psycopg_binary-3.2.12-cp313-cp313-manylinux2014_aarch64.manylinux_2_17_aarch64.whl", hash = "sha256:095ccda59042a1239ac2fefe693a336cb5cecf8944a8d9e98b07f07e94e2b78d", size = 4625474 },
    { url = "https://files.pythonhosted.org/packages/b1/e8/2c9df6475a5ab6d614d516f4497c568d84f7d6c21d0e11444468c9786c9f/psycopg_binary-3.2.12-cp313-cp313-manylinux2014_ppc64le.manylinux_2_17_ppc64le.whl", hash = "sha256:efab679a2c7d1bf7d0ec0e1ecb47fe764945eff75bb4321f2e699b30a12db9b3", size = 4720350 },
    { url = "https://files.pythonhosted.org/packages/74/f5/7aec81b0c41985dc006e2d5822486ad4b7c2a1a97a5a05e37dc2adaf1512/psycopg_binary-3.2.12-cp313-cp313-manylinux2014_x86_64.manylinux_2_17_x86_64.whl", hash = "sha256:d369e79ad9647fc8217cbb51bbbf11f9a1ffca450be31d005340157ffe8e91b3", size = 4411621 },
    { url = "https://files.pythonhosted.org/packages/fc/15/d3cb41b8fa9d5f14320ab250545fbb66f9ddb481e448e618902672a806c0/psycopg_binary-3.2.12-cp313-cp313-musllinux_1_2_aarch64.whl", hash = "sha256:eedc410f82007038030650aa58f620f9fe0009b9d6b04c3dc71cbd3bae5b2675", size = 3863081 },
    { url = "https://files.pythonhosted.org/packages/69/8a/72837664e63e3cd3aa145cedcf29e5c21257579739aba78ab7eb668f7d9c/psycopg_binary-3.2.12-cp313-cp313-musllinux_1_2_ppc64le.whl", hash = "sha256:f3bae4be7f6781bf6c9576eedcd5e1bb74468126fa6de991e47cdb1a8ea3a42a", size = 3537428 },
    { url = "https://files.pythonhosted.org/packages/cc/7e/1b78ae38e7d69e6d7fb1e2dcce101493f5fa429480bac3a68b876c9b1635/psycopg_binary-3.2.12-cp313-cp313-musllinux_1_2_x86_64.whl", hash = "sha256:8ffe75fe6be902dadd439adf4228c98138a992088e073ede6dd34e7235f4e03e", size = 3585981 },
    { url = "https://files.pythonhosted.org/packages/a3/f8/245b4868b2dac46c3fb6383b425754ae55df1910c826d305ed414da03777/psycopg_binary-3.2.12-cp313-cp313-win_amd64.whl", hash = "sha256:2598d0e4f2f258da13df0560187b3f1dfc9b8688c46b9d90176360ae5212c3fc", size = 2912929 },
    { url = "https://files.pythonhosted.org/packages/5c/5b/76fbb40b981b73b285a00dccafc38cf67b7a9b3f7d4f2025dda7b896e7ef/psycopg_binary-3.2.12-cp314-cp314-macosx_10_13_x86_64.whl", hash = "sha256:dc68094e00a5a7e8c20de1d3a0d5e404a27f522e18f8eb62bbbc9f865c3c81ef", size = 4016868 },
    { url = "https://files.pythonhosted.org/packages/0e/08/8841ae3e2d1a3228e79eaaf5b7f991d15f0a231bb5031a114305b19724b1/psycopg_binary-3.2.12-cp314-cp314-macosx_11_0_arm64.whl", hash = "sha256:2d55009eeddbef54c711093c986daaf361d2c4210aaa1ee905075a3b97a62441", size = 4090508 },
    { url = "https://files.pythonhosted.org/packages/05/de/a41f62230cf4095ae4547eceada218cf28c17e7f94376913c1c8dde9546f/psycopg_binary-3.2.12-cp314-cp314-manylinux2014_aarch64.manylinux_2_17_aarch64.whl", hash = "sha256:66a031f22e4418016990446d3e38143826f03ad811b9f78f58e2afbc1d343f7a", size = 4629788 },
    { url = "https://files.pythonhosted.org/packages/45/19/529d92134eae44475f781a86d58cdf3edd0953e17c69762abf387a9f2636/psycopg_binary-3.2.12-cp314-cp314-manylinux2014_ppc64le.manylinux_2_17_ppc64le.whl", hash = "sha256:58ed30d33c25d7dc8d2f06285e88493147c2a660cc94713e4b563a99efb80a1f", size = 4724124 },
    { url = "https://files.pythonhosted.org/packages/5c/f5/97344e87065f7c9713ce213a2cff7732936ec3af6622e4b2a88715a953f2/psycopg_binary-3.2.12-cp314-cp314-manylinux2014_x86_64.manylinux_2_17_x86_64.whl", hash = "sha256:e0b5ccd03ca4749b8f66f38608ccbcb415cbd130d02de5eda80d042b83bee90e", size = 4411340 },
    { url = "https://files.pythonhosted.org/packages/b1/c2/34bce068f6bfb4c2e7bb1187bb64a3f3be254702b158c4ad05eacc0055cf/psycopg_binary-3.2.12-cp314-cp314-musllinux_1_2_aarch64.whl", hash = "sha256:909de94de7dd4d6086098a5755562207114c9638ec42c52d84c8a440c45fe084", size = 3867815 },
    { url = "https://files.pythonhosted.org/packages/d1/a1/c647e01ab162e6bfa52380e23e486215e9d28ffd31e9cf3cb1e9ca59008b/psycopg_binary-3.2.12-cp314-cp314-musllinux_1_2_ppc64le.whl", hash = "sha256:7130effd0517881f3a852eff98729d51034128f0737f64f0d1c7ea8343d77bd7", size = 3541756 },
    { url = "https://files.pythonhosted.org/packages/6b/d0/795bdaa8c946a7b7126bf7ca8d4371eaaa613093e3ec341a0e50f52cbee2/psycopg_binary-3.2.12-cp314-cp314-musllinux_1_2_x86_64.whl", hash = "sha256:89b3c5201ca616d69ca0c3c0003ca18f7170a679c445c7e386ebfb4f29aa738e", size = 3587950 },
    { url = "https://files.pythonhosted.org/packages/53/cf/10c3e95827a3ca8af332dfc471befec86e15a14dc83cee893c49a4910dad/psycopg_binary-3.2.12-cp314-cp314-win_amd64.whl", hash = "sha256:48a8e29f3e38fcf8d393b8fe460d83e39c107ad7e5e61cd3858a7569e0554a39", size = 3005787 },
]

[[package]]
name = "pygments"
version = "2.19.2"
source = { registry = "https://pypi.org/simple" }
sdist = { url = "https://files.pythonhosted.org/packages/b0/77/a5b8c569bf593b0140bde72ea885a803b82086995367bf2037de0159d924/pygments-2.19.2.tar.gz", hash = "sha256:636cb2477cec7f8952536970bc533bc43743542f70392ae026374600add5b887", size = 4968631 }
wheels = [
    { url = "https://files.pythonhosted.org/packages/c7/21/705964c7812476f378728bdf590ca4b771ec72385c533964653c68e86bdc/pygments-2.19.2-py3-none-any.whl", hash = "sha256:86540386c03d588bb81d44bc3928634ff26449851e99741617ecb9037ee5ec0b", size = 1225217 },
]

[[package]]
name = "pytest"
version = "8.4.2"
source = { registry = "https://pypi.org/simple" }
dependencies = [
    { name = "colorama", marker = "sys_platform == 'win32'" },
    { name = "iniconfig" },
    { name = "packaging" },
    { name = "pluggy" },
    { name = "pygments" },
]
sdist = { url = "https://files.pythonhosted.org/packages/a3/5c/00a0e072241553e1a7496d638deababa67c5058571567b92a7eaa258397c/pytest-8.4.2.tar.gz", hash = "sha256:86c0d0b93306b961d58d62a4db4879f27fe25513d4b969df351abdddb3c30e01", size = 1519618 }
wheels = [
    { url = "https://files.pythonhosted.org/packages/a8/a4/20da314d277121d6534b3a980b29035dcd51e6744bd79075a6ce8fa4eb8d/pytest-8.4.2-py3-none-any.whl", hash = "sha256:872f880de3fc3a5bdc88a11b39c9710c3497a547cfa9320bc3c5e62fbf272e79", size = 365750 },
]

[[package]]
name = "python-dotenv"
version = "1.2.1"
source = { registry = "https://pypi.org/simple" }
sdist = { url = "https://files.pythonhosted.org/packages/f0/26/19cadc79a718c5edbec86fd4919a6b6d3f681039a2f6d66d14be94e75fb9/python_dotenv-1.2.1.tar.gz", hash = "sha256:42667e897e16ab0d66954af0e60a9caa94f0fd4ecf3aaf6d2d260eec1aa36ad6", size = 44221 }
wheels = [
    { url = "https://files.pythonhosted.org/packages/14/1b/a298b06749107c305e1fe0f814c6c74aea7b2f1e10989cb30f544a1b3253/python_dotenv-1.2.1-py3-none-any.whl", hash = "sha256:b81ee9561e9ca4004139c6cbba3a238c32b03e4894671e181b671e8cb8425d61", size = 21230 },
]

[[package]]
name = "sqlalchemy"
version = "2.0.44"
source = { registry = "https://pypi.org/simple" }
dependencies = [
    { name = "greenlet", marker = "platform_machine == 'AMD64' or platform_machine == 'WIN32' or platform_machine == 'aarch64' or platform_machine == 'amd64' or platform_machine == 'ppc64le' or platform_machine == 'win32' or platform_machine == 'x86_64'" },
    { name = "typing-extensions" },
]
sdist = { url = "https://files.pythonhosted.org/packages/f0/f2/840d7b9496825333f532d2e3976b8eadbf52034178aac53630d09fe6e1ef/sqlalchemy-2.0.44.tar.gz", hash = "sha256:0ae7454e1ab1d780aee69fd2aae7d6b8670a581d8847f2d1e0f7ddfbf47e5a22", size = 9819830 }
wheels = [
    { url = "https://files.pythonhosted.org/packages/45/d3/c67077a2249fdb455246e6853166360054c331db4613cda3e31ab1cadbef/sqlalchemy-2.0.44-cp313-cp313-macosx_10_13_x86_64.whl", hash = "sha256:ff486e183d151e51b1d694c7aa1695747599bb00b9f5f604092b54b74c64a8e1", size = 2135479 },
    { url = "https://files.pythonhosted.org/packages/2b/91/eabd0688330d6fd114f5f12c4f89b0d02929f525e6bf7ff80aa17ca802af/sqlalchemy-2.0.44-cp313-cp313-macosx_11_0_arm64.whl", hash = "sha256:0b1af8392eb27b372ddb783b317dea0f650241cea5bd29199b22235299ca2e45", size = 2123212 },
    { url = "https://files.pythonhosted.org/packages/b0/bb/43e246cfe0e81c018076a16036d9b548c4cc649de241fa27d8d9ca6f85ab/sqlalchemy-2.0.44-cp313-cp313-manylinux_2_17_aarch64.manylinux2014_aarch64.whl", hash = "sha256:2b61188657e3a2b9ac4e8f04d6cf8e51046e28175f79464c67f2fd35bceb0976", size = 3255353 },
    { url = "https://files.pythonhosted.org/packages/b9/96/c6105ed9a880abe346b64d3b6ddef269ddfcab04f7f3d90a0bf3c5a88e82/sqlalchemy-2.0.44-cp313-cp313-manylinux_2_17_x86_64.manylinux2014_x86_64.whl", hash = "sha256:b87e7b91a5d5973dda5f00cd61ef72ad75a1db73a386b62877d4875a8840959c", size = 3260222 },
    { url = "https://files.pythonhosted.org/packages/44/16/1857e35a47155b5ad927272fee81ae49d398959cb749edca6eaa399b582f/sqlalchemy-2.0.44-cp313-cp313-musllinux_1_2_aarch64.whl", hash = "sha256:15f3326f7f0b2bfe406ee562e17f43f36e16167af99c4c0df61db668de20002d", size = 3189614 },
    { url = "https://files.pythonhosted.org/packages/88/ee/4afb39a8ee4fc786e2d716c20ab87b5b1fb33d4ac4129a1aaa574ae8a585/sqlalchemy-2.0.44-cp313-cp313-musllinux_1_2_x86_64.whl", hash = "sha256:1e77faf6ff919aa8cd63f1c4e561cac1d9a454a191bb864d5dd5e545935e5a40", size = 3226248 },
    { url = "https://files.pythonhosted.org/packages/32/d5/0e66097fc64fa266f29a7963296b40a80d6a997b7ac13806183700676f86/sqlalchemy-2.0.44-cp313-cp313-win32.whl", hash = "sha256:ee51625c2d51f8baadf2829fae817ad0b66b140573939dd69284d2ba3553ae73", size = 2101275 },
    { url = "https://files.pythonhosted.org/packages/03/51/665617fe4f8c6450f42a6d8d69243f9420f5677395572c2fe9d21b493b7b/sqlalchemy-2.0.44-cp313-cp313-win_amd64.whl", hash = "sha256:c1c80faaee1a6c3428cecf40d16a2365bcf56c424c92c2b6f0f9ad204b899e9e", size = 2127901 },
    { url = "https://files.pythonhosted.org/packages/9c/5e/6a29fa884d9fb7ddadf6b69490a9d45fded3b38541713010dad16b77d015/sqlalchemy-2.0.44-py3-none-any.whl", hash = "sha256:19de7ca1246fbef9f9d1bff8f1ab25641569df226364a0e40457dc5457c54b05", size = 1928718 },
]

[[package]]
name = "typing-extensions"
version = "4.15.0"
source = { registry = "https://pypi.org/simple" }
sdist = { url = "https://files.pythonhosted.org/packages/72/94/1a15dd82efb362ac84269196e94cf00f187f7ed21c242792a923cdb1c61f/typing_extensions-4.15.0.tar.gz", hash = "sha256:0cea48d173cc12fa28ecabc3b837ea3cf6f38c6d1136f85cbaaf598984861466", size = 109391 }
wheels = [
    { url = "https://files.pythonhosted.org/packages/18/67/36e9267722cc04a6b9f15c7f3441c2363321a3ea07da7ae0c0707beb2a9c/typing_extensions-4.15.0-py3-none-any.whl", hash = "sha256:f0fa19c6845758ab08074a0cfa8b7aecb71c999ca73d62883bc25cc018c4e548", size = 44614 },
]

[[package]]
name = "tzdata"
version = "2025.2"
source = { registry = "https://pypi.org/simple" }
sdist = { url = "https://files.pythonhosted.org/packages/95/32/1a225d6164441be760d75c2c42e2780dc0873fe382da3e98a2e1e48361e5/tzdata-2025.2.tar.gz", hash = "sha256:b60a638fcc0daffadf82fe0f57e53d06bdec2f36c4df66280ae79bce6bd6f2b9", size = 196380 }
wheels = [
    { url = "https://files.pythonhosted.org/packages/5c/23/c7abc0ca0a1526a0774eca151daeb8de62ec457e77262b66b359c3c7679e/tzdata-2025.2-py2.py3-none-any.whl", hash = "sha256:1a403fada01ff9221ca8044d701868fa132215d84beb92242d9acd2147f667a8", size = 347839 },
]
